
Microsoft Visual Studio Solution File, Format Version 12.00
# Visual Studio 2013
VisualStudioVersion = 12.0.31101.0
MinimumVisualStudioVersion = 10.0.40219.1
Project("{FAE04EC0-301F-11D3-BF4B-00C04F79EFBC}") = "Voystock", "Voystock\Voystock.csproj", "{534B3CD6-BB9B-4569-AC2C-A3E3E5686802}"
EndProject
Project("{FAE04EC0-301F-11D3-BF4B-00C04F79EFBC}") = "Voystock.Communication", "Voystock.Communication\Voystock.Communication.csproj", "{BE90E29C-DA49-40A7-97D9-C9C5CB04E9D9}"
EndProject
Global
	GlobalSection(SolutionConfigurationPlatforms) = preSolution
		Debug|Any CPU = Debug|Any CPU
		Release|Any CPU = Release|Any CPU
	EndGlobalSection
	GlobalSection(ProjectConfigurationPlatforms) = postSolution
		{534B3CD6-BB9B-4569-AC2C-A3E3E5686802}.Debug|Any CPU.ActiveCfg = Debug|Any CPU
		{534B3CD6-BB9B-4569-AC2C-A3E3E5686802}.Debug|Any CPU.Build.0 = Debug|Any CPU
		{534B3CD6-BB9B-4569-AC2C-A3E3E5686802}.Release|Any CPU.ActiveCfg = Release|Any CPU
		{534B3CD6-BB9B-4569-AC2C-A3E3E5686802}.Release|Any CPU.Build.0 = Release|Any CPU
		{BE90E29C-DA49-40A7-97D9-C9C5CB04E9D9}.Debug|Any CPU.ActiveCfg = Debug|Any CPU
		{BE90E29C-DA49-40A7-97D9-C9C5CB04E9D9}.Debug|Any CPU.Build.0 = Debug|Any CPU
		{BE90E29C-DA49-40A7-97D9-C9C5CB04E9D9}.Release|Any CPU.ActiveCfg = Release|Any CPU
		{BE90E29C-DA49-40A7-97D9-C9C5CB04E9D9}.Release|Any CPU.Build.0 = Release|Any CPU
	EndGlobalSection
	GlobalSection(SolutionProperties) = preSolution
		HideSolutionNode = FALSE
	EndGlobalSection
EndGlobal
